
Microsoft Visual Studio Solution File, Format Version 12.00
# Visual Studio 2012
Project("{FAE04EC0-301F-11D3-BF4B-00C04F79EFBC}") = "MvcApplication1", "MvcApplication1\MvcApplication1.csproj", "{DA3E8AC9-2BCE-41F8-8312-BF492B5055BA}"
EndProject
Global
	GlobalSection(SolutionConfigurationPlatforms) = preSolution
		Debug|Any CPU = Debug|Any CPU
		Release|Any CPU = Release|Any CPU
	EndGlobalSection
	GlobalSection(ProjectConfigurationPlatforms) = postSolution
		{DA3E8AC9-2BCE-41F8-8312-BF492B5055BA}.Debug|Any CPU.ActiveCfg = Debug|Any CPU
		{DA3E8AC9-2BCE-41F8-8312-BF492B5055BA}.Debug|Any CPU.Build.0 = Debug|Any CPU
		{DA3E8AC9-2BCE-41F8-8312-BF492B5055BA}.Release|Any CPU.ActiveCfg = Release|Any CPU
		{DA3E8AC9-2BCE-41F8-8312-BF492B5055BA}.Release|Any CPU.Build.0 = Release|Any CPU
	EndGlobalSection
	GlobalSection(SolutionProperties) = preSolution
		HideSolutionNode = FALSE
	EndGlobalSection
EndGlobal
